
Microsoft Visual Studio Solution File, Format Version 12.00
# Visual Studio Version 17
VisualStudioVersion = 17.4.33403.182
MinimumVisualStudioVersion = 10.0.40219.1
Project("{9A19103F-16F7-4668-BE54-9A1E7A4F7556}") = "csharp", "csharp.csproj", "{1C534A0E-7A7F-45EB-937F-EC475EEF2EED}"
EndProject
Project("{FAE04EC0-301F-11D3-BF4B-00C04F79EFBC}") = "testPro", "..\testPro\testPro.csproj", "{999AE126-7865-49AF-B5DD-74D69B619EA8}"
EndProject
Global
	GlobalSection(SolutionConfigurationPlatforms) = preSolution
		Debug|Any CPU = Debug|Any CPU
		Release|Any CPU = Release|Any CPU
	EndGlobalSection
	GlobalSection(ProjectConfigurationPlatforms) = postSolution
		{1C534A0E-7A7F-45EB-937F-EC475EEF2EED}.Debug|Any CPU.ActiveCfg = Debug|Any CPU
		{1C534A0E-7A7F-45EB-937F-EC475EEF2EED}.Debug|Any CPU.Build.0 = Debug|Any CPU
		{1C534A0E-7A7F-45EB-937F-EC475EEF2EED}.Release|Any CPU.ActiveCfg = Release|Any CPU
		{1C534A0E-7A7F-45EB-937F-EC475EEF2EED}.Release|Any CPU.Build.0 = Release|Any CPU
		{999AE126-7865-49AF-B5DD-74D69B619EA8}.Debug|Any CPU.ActiveCfg = Debug|Any CPU
		{999AE126-7865-49AF-B5DD-74D69B619EA8}.Debug|Any CPU.Build.0 = Debug|Any CPU
		{999AE126-7865-49AF-B5DD-74D69B619EA8}.Release|Any CPU.ActiveCfg = Release|Any CPU
		{999AE126-7865-49AF-B5DD-74D69B619EA8}.Release|Any CPU.Build.0 = Release|Any CPU
	EndGlobalSection
	GlobalSection(SolutionProperties) = preSolution
		HideSolutionNode = FALSE
	EndGlobalSection
	GlobalSection(ExtensibilityGlobals) = postSolution
		SolutionGuid = {AB213CD1-4186-44BB-A84F-49200784DDD4}
	EndGlobalSection
EndGlobal
